
Microsoft Visual Studio Solution File, Format Version 12.00
# Visual Studio Version 17
VisualStudioVersion = 17.0.31919.166
MinimumVisualStudioVersion = 10.0.40219.1
Project("{FAE04EC0-301F-11D3-BF4B-00C04F79EFBC}") = "PumpService", "PumpService\PumpService.csproj", "{4A12182F-BECF-4E14-8947-D56A0FA541CF}"
EndProject
Project("{FAE04EC0-301F-11D3-BF4B-00C04F79EFBC}") = "PumpClient", "PumpClient\PumpClient.csproj", "{3F2B45D7-580E-4A45-B697-90211D80F20C}"
EndProject
Global
	GlobalSection(SolutionConfigurationPlatforms) = preSolution
		Debug|Any CPU = Debug|Any CPU
		Release|Any CPU = Release|Any CPU
	EndGlobalSection
	GlobalSection(ProjectConfigurationPlatforms) = postSolution
		{4A12182F-BECF-4E14-8947-D56A0FA541CF}.Debug|Any CPU.ActiveCfg = Debug|Any CPU
		{4A12182F-BECF-4E14-8947-D56A0FA541CF}.Debug|Any CPU.Build.0 = Debug|Any CPU
		{4A12182F-BECF-4E14-8947-D56A0FA541CF}.Release|Any CPU.ActiveCfg = Release|Any CPU
		{4A12182F-BECF-4E14-8947-D56A0FA541CF}.Release|Any CPU.Build.0 = Release|Any CPU
		{3F2B45D7-580E-4A45-B697-90211D80F20C}.Debug|Any CPU.ActiveCfg = Debug|Any CPU
		{3F2B45D7-580E-4A45-B697-90211D80F20C}.Debug|Any CPU.Build.0 = Debug|Any CPU
		{3F2B45D7-580E-4A45-B697-90211D80F20C}.Release|Any CPU.ActiveCfg = Release|Any CPU
		{3F2B45D7-580E-4A45-B697-90211D80F20C}.Release|Any CPU.Build.0 = Release|Any CPU
	EndGlobalSection
	GlobalSection(SolutionProperties) = preSolution
		HideSolutionNode = FALSE
	EndGlobalSection
	GlobalSection(ExtensibilityGlobals) = postSolution
		SolutionGuid = {6714E8AE-B6F3-4E03-A656-1750D8ECBBCD}
	EndGlobalSection
EndGlobal
